<?xml version="1.0" encoding="utf-8"?>
<Project ToolsVersion="4.0" xmlns="http://schemas.microsoft.com/developer/msbuild/2003">
  <ItemGroup>
    <Filter Include="Source Files">
      <UniqueIdentifier>{4FC737F1-C7A5-4376-A066-2A32D752A2FF}</UniqueIdentifier>
      <Extensions>cpp;cxx;c;def</Extensions>
    </Filter>
    <Filter Include="Header Files">
      <UniqueIdentifier>{93995380-89BD-4b04-88EB-625FBE52EBFB}</UniqueIdentifier>
      <Extensions>h</Extensions>
    </Filter>
    <Filter Include="Form Files">
      <UniqueIdentifier>{99349809-55BA-4b9d-BF79-8FDBB0286EB3}</UniqueIdentifier>
      <Extensions>ui</Extensions>
    </Filter>
    <Filter Include="Resource Files">
      <UniqueIdentifier>{D9D6E242-F8AF-46E4-B9FD-80ECBC20BA3E}</UniqueIdentifier>
      <Extensions>qrc;*</Extensions>
      <ParseFiles>false</ParseFiles>
    </Filter>
    <Filter Include="Generated Files">
      <UniqueIdentifier>{71ED8ED8-ACB9-4CE9-BBE1-E00B30144E11}</UniqueIdentifier>
      <Extensions>moc;h;cpp</Extensions>
      <SourceControlFiles>False</SourceControlFiles>
    </Filter>
    <Filter Include="Generated Files\Debug">
      <UniqueIdentifier>{24831e73-5c40-4541-99f4-3a03a2518348}</UniqueIdentifier>
      <Extensions>cpp;moc</Extensions>
      <SourceControlFiles>False</SourceControlFiles>
    </Filter>
    <Filter Include="Generated Files\Release">
      <UniqueIdentifier>{0f1b470f-8381-4554-8ca6-b0a844f26965}</UniqueIdentifier>
      <Extensions>cpp;moc</Extensions>
      <SourceControlFiles>False</SourceControlFiles>
    </Filter>
  </ItemGroup>
  <ItemGroup>
    <ClCompile Include="main.cpp">
      <Filter>Source Files</Filter>
    </ClCompile>
    <ClCompile Include="GeneratedFiles\Debug\moc_bankingsystem.cpp">
      <Filter>Generated Files\Debug</Filter>
    </ClCompile>
    <ClCompile Include="GeneratedFiles\Release\moc_bankingsystem.cpp">
      <Filter>Generated Files\Release</Filter>
    </ClCompile>
    <ClCompile Include="GeneratedFiles\qrc_bankingsystem.cpp">
      <Filter>Generated Files</Filter>
    </ClCompile>
    <ClCompile Include="GeneratedFiles\Debug\moc_login.cpp">
      <Filter>Generated Files\Debug</Filter>
    </ClCompile>
    <ClCompile Include="GeneratedFiles\Release\moc_login.cpp">
      <Filter>Generated Files\Release</Filter>
    </ClCompile>
    <ClCompile Include="login.cpp">
      <Filter>Source Files</Filter>
    </ClCompile>
    <ClCompile Include="Account.cpp">
      <Filter>Source Files</Filter>
    </ClCompile>
    <ClCompile Include="Branch.cpp">
      <Filter>Source Files</Filter>
    </ClCompile>
    <ClCompile Include="bankingsystem.cpp">
      <Filter>Source Files</Filter>
    </ClCompile>
    <ClCompile Include="Bank.cpp">
      <Filter>Source Files</Filter>
    </ClCompile>
    <ClCompile Include="CurrentAccount.cpp">
      <Filter>Source Files</Filter>
    </ClCompile>
    <ClCompile Include="SavingAccount.cpp">
      <Filter>Source Files</Filter>
    </ClCompile>
    <ClCompile Include="Cheque.cpp">
      <Filter>Source Files</Filter>
    </ClCompile>
    <ClCompile Include="ChequeBook.cpp">
      <Filter>Source Files</Filter>
    </ClCompile>
    <ClCompile Include="Person.cpp">
      <Filter>Source Files</Filter>
    </ClCompile>
    <ClCompile Include="Employee.cpp">
      <Filter>Source Files</Filter>
    </ClCompile>
    <ClCompile Include="BankLoan.cpp">
      <Filter>Source Files</Filter>
    </ClCompile>
    <ClCompile Include="Card.cpp">
      <Filter>Source Files</Filter>
    </ClCompile>
    <ClCompile Include="Item.cpp">
      <Filter>Source Files</Filter>
    </ClCompile>
    <ClCompile Include="Vault.cpp">
      <Filter>Source Files</Filter>
    </ClCompile>
    <ClCompile Include="AtmCard.cpp">
      <Filter>Source Files</Filter>
    </ClCompile>
    <ClCompile Include="DataAccessLayer.cpp">
      <Filter>Source Files</Filter>
    </ClCompile>
    <ClCompile Include="GeneratedFiles\Debug\moc_tellermenu.cpp">
      <Filter>Generated Files\Debug</Filter>
    </ClCompile>
    <ClCompile Include="GeneratedFiles\Release\moc_tellermenu.cpp">
      <Filter>Generated Files\Release</Filter>
    </ClCompile>
    <ClCompile Include="tellermenu.cpp">
      <Filter>Source Files</Filter>
    </ClCompile>
    <ClCompile Include="GeneratedFiles\Debug\moc_managermenu.cpp">
      <Filter>Generated Files\Debug</Filter>
    </ClCompile>
    <ClCompile Include="GeneratedFiles\Release\moc_managermenu.cpp">
      <Filter>Generated Files\Release</Filter>
    </ClCompile>
    <ClCompile Include="managermenu.cpp">
      <Filter>Source Files</Filter>
    </ClCompile>
    <ClCompile Include="GeneratedFiles\Debug\moc_accountsubmenu.cpp">
      <Filter>Generated Files\Debug</Filter>
    </ClCompile>
    <ClCompile Include="GeneratedFiles\Release\moc_accountsubmenu.cpp">
      <Filter>Generated Files\Release</Filter>
    </ClCompile>
    <ClCompile Include="GeneratedFiles\Debug\moc_additemtovault.cpp">
      <Filter>Generated Files\Debug</Filter>
    </ClCompile>
    <ClCompile Include="GeneratedFiles\Release\moc_additemtovault.cpp">
      <Filter>Generated Files\Release</Filter>
    </ClCompile>
    <ClCompile Include="GeneratedFiles\Debug\moc_atmcardapplication.cpp">
      <Filter>Generated Files\Debug</Filter>
    </ClCompile>
    <ClCompile Include="GeneratedFiles\Release\moc_atmcardapplication.cpp">
      <Filter>Generated Files\Release</Filter>
    </ClCompile>
    <ClCompile Include="GeneratedFiles\Debug\moc_atmmainmenu.cpp">
      <Filter>Generated Files\Debug</Filter>
    </ClCompile>
    <ClCompile Include="GeneratedFiles\Release\moc_atmmainmenu.cpp">
      <Filter>Generated Files\Release</Filter>
    </ClCompile>
    <ClCompile Include="GeneratedFiles\Debug\moc_bankstatement.cpp">
      <Filter>Generated Files\Debug</Filter>
    </ClCompile>
    <ClCompile Include="GeneratedFiles\Release\moc_bankstatement.cpp">
      <Filter>Generated Files\Release</Filter>
    </ClCompile>
    <ClCompile Include="GeneratedFiles\Debug\moc_billpayment.cpp">
      <Filter>Generated Files\Debug</Filter>
    </ClCompile>
    <ClCompile Include="GeneratedFiles\Release\moc_billpayment.cpp">
      <Filter>Generated Files\Release</Filter>
    </ClCompile>
    <ClCompile Include="GeneratedFiles\Debug\moc_changepin.cpp">
      <Filter>Generated Files\Debug</Filter>
    </ClCompile>
    <ClCompile Include="GeneratedFiles\Release\moc_changepin.cpp">
      <Filter>Generated Files\Release</Filter>
    </ClCompile>
    <ClCompile Include="GeneratedFiles\Debug\moc_changepinerror.cpp">
      <Filter>Generated Files\Debug</Filter>
    </ClCompile>
    <ClCompile Include="GeneratedFiles\Release\moc_changepinerror.cpp">
      <Filter>Generated Files\Release</Filter>
    </ClCompile>
    <ClCompile Include="GeneratedFiles\Debug\moc_checkbalance.cpp">
      <Filter>Generated Files\Debug</Filter>
    </ClCompile>
    <ClCompile Include="GeneratedFiles\Release\moc_checkbalance.cpp">
      <Filter>Generated Files\Release</Filter>
    </ClCompile>
    <ClCompile Include="GeneratedFiles\Debug\moc_chequbookapplication.cpp">
      <Filter>Generated Files\Debug</Filter>
    </ClCompile>
    <ClCompile Include="GeneratedFiles\Release\moc_chequbookapplication.cpp">
      <Filter>Generated Files\Release</Filter>
    </ClCompile>
    <ClCompile Include="GeneratedFiles\Debug\moc_closeaccount.cpp">
      <Filter>Generated Files\Debug</Filter>
    </ClCompile>
    <ClCompile Include="GeneratedFiles\Release\moc_closeaccount.cpp">
      <Filter>Generated Files\Release</Filter>
    </ClCompile>
    <ClCompile Include="GeneratedFiles\Debug\moc_closevault.cpp">
      <Filter>Generated Files\Debug</Filter>
    </ClCompile>
    <ClCompile Include="GeneratedFiles\Release\moc_closevault.cpp">
      <Filter>Generated Files\Release</Filter>
    </ClCompile>
    <ClCompile Include="GeneratedFiles\Debug\moc_createcurrentaccount.cpp">
      <Filter>Generated Files\Debug</Filter>
    </ClCompile>
    <ClCompile Include="GeneratedFiles\Release\moc_createcurrentaccount.cpp">
      <Filter>Generated Files\Release</Filter>
    </ClCompile>
    <ClCompile Include="GeneratedFiles\Debug\moc_createsavingsaccount.cpp">
      <Filter>Generated Files\Debug</Filter>
    </ClCompile>
    <ClCompile Include="GeneratedFiles\Release\moc_createsavingsaccount.cpp">
      <Filter>Generated Files\Release</Filter>
    </ClCompile>
    <ClCompile Include="GeneratedFiles\Debug\moc_createvault.cpp">
      <Filter>Generated Files\Debug</Filter>
    </ClCompile>
    <ClCompile Include="GeneratedFiles\Release\moc_createvault.cpp">
      <Filter>Generated Files\Release</Filter>
    </ClCompile>
    <ClCompile Include="GeneratedFiles\Debug\moc_creditcardapplication.cpp">
      <Filter>Generated Files\Debug</Filter>
    </ClCompile>
    <ClCompile Include="GeneratedFiles\Release\moc_creditcardapplication.cpp">
      <Filter>Generated Files\Release</Filter>
    </ClCompile>
    <ClCompile Include="GeneratedFiles\Debug\moc_depositcash.cpp">
      <Filter>Generated Files\Debug</Filter>
    </ClCompile>
    <ClCompile Include="GeneratedFiles\Release\moc_depositcash.cpp">
      <Filter>Generated Files\Release</Filter>
    </ClCompile>
    <ClCompile Include="GeneratedFiles\Debug\moc_employeeinformation.cpp">
      <Filter>Generated Files\Debug</Filter>
    </ClCompile>
    <ClCompile Include="GeneratedFiles\Release\moc_employeeinformation.cpp">
      <Filter>Generated Files\Release</Filter>
    </ClCompile>
    <ClCompile Include="GeneratedFiles\Debug\moc_guidesign.cpp">
      <Filter>Generated Files\Debug</Filter>
    </ClCompile>
    <ClCompile Include="GeneratedFiles\Release\moc_guidesign.cpp">
      <Filter>Generated Files\Release</Filter>
    </ClCompile>
    <ClCompile Include="GeneratedFiles\Debug\moc_incentive.cpp">
      <Filter>Generated Files\Debug</Filter>
    </ClCompile>
    <ClCompile Include="GeneratedFiles\Release\moc_incentive.cpp">
      <Filter>Generated Files\Release</Filter>
    </ClCompile>
    <ClCompile Include="GeneratedFiles\Debug\moc_inquirebalance.cpp">
      <Filter>Generated Files\Debug</Filter>
    </ClCompile>
    <ClCompile Include="GeneratedFiles\Release\moc_inquirebalance.cpp">
      <Filter>Generated Files\Release</Filter>
    </ClCompile>
    <ClCompile Include="GeneratedFiles\Debug\moc_insertcarderror.cpp">
      <Filter>Generated Files\Debug</Filter>
    </ClCompile>
    <ClCompile Include="GeneratedFiles\Release\moc_insertcarderror.cpp">
      <Filter>Generated Files\Release</Filter>
    </ClCompile>
    <ClCompile Include="GeneratedFiles\Debug\moc_loanapplication.cpp">
      <Filter>Generated Files\Debug</Filter>
    </ClCompile>
    <ClCompile Include="GeneratedFiles\Release\moc_loanapplication.cpp">
      <Filter>Generated Files\Release</Filter>
    </ClCompile>
    <ClCompile Include="GeneratedFiles\Debug\moc_makedraft.cpp">
      <Filter>Generated Files\Debug</Filter>
    </ClCompile>
    <ClCompile Include="GeneratedFiles\Release\moc_makedraft.cpp">
      <Filter>Generated Files\Release</Filter>
    </ClCompile>
    <ClCompile Include="GeneratedFiles\Debug\moc_pendingloans.cpp">
      <Filter>Generated Files\Debug</Filter>
    </ClCompile>
    <ClCompile Include="GeneratedFiles\Release\moc_pendingloans.cpp">
      <Filter>Generated Files\Release</Filter>
    </ClCompile>
    <ClCompile Include="GeneratedFiles\Debug\moc_retrievevaultitem.cpp">
      <Filter>Generated Files\Debug</Filter>
    </ClCompile>
    <ClCompile Include="GeneratedFiles\Release\moc_retrievevaultitem.cpp">
      <Filter>Generated Files\Release</Filter>
    </ClCompile>
    <ClCompile Include="GeneratedFiles\Debug\moc_statementreport.cpp">
      <Filter>Generated Files\Debug</Filter>
    </ClCompile>
    <ClCompile Include="GeneratedFiles\Release\moc_statementreport.cpp">
      <Filter>Generated Files\Release</Filter>
    </ClCompile>
    <ClCompile Include="GeneratedFiles\Debug\moc_transfermoney.cpp">
      <Filter>Generated Files\Debug</Filter>
    </ClCompile>
    <ClCompile Include="GeneratedFiles\Release\moc_transfermoney.cpp">
      <Filter>Generated Files\Release</Filter>
    </ClCompile>
    <ClCompile Include="GeneratedFiles\Debug\moc_transfersuccessful.cpp">
      <Filter>Generated Files\Debug</Filter>
    </ClCompile>
    <ClCompile Include="GeneratedFiles\Release\moc_transfersuccessful.cpp">
      <Filter>Generated Files\Release</Filter>
    </ClCompile>
    <ClCompile Include="GeneratedFiles\Debug\moc_vaultsubmenu.cpp">
      <Filter>Generated Files\Debug</Filter>
    </ClCompile>
    <ClCompile Include="GeneratedFiles\Release\moc_vaultsubmenu.cpp">
      <Filter>Generated Files\Release</Filter>
    </ClCompile>
    <ClCompile Include="GeneratedFiles\Debug\moc_viewvaultitems.cpp">
      <Filter>Generated Files\Debug</Filter>
    </ClCompile>
    <ClCompile Include="GeneratedFiles\Release\moc_viewvaultitems.cpp">
      <Filter>Generated Files\Release</Filter>
    </ClCompile>
    <ClCompile Include="GeneratedFiles\Debug\moc_welcomeatm.cpp">
      <Filter>Generated Files\Debug</Filter>
    </ClCompile>
    <ClCompile Include="GeneratedFiles\Release\moc_welcomeatm.cpp">
      <Filter>Generated Files\Release</Filter>
    </ClCompile>
    <ClCompile Include="GeneratedFiles\Debug\moc_withdrawbalance.cpp">
      <Filter>Generated Files\Debug</Filter>
    </ClCompile>
    <ClCompile Include="GeneratedFiles\Release\moc_withdrawbalance.cpp">
      <Filter>Generated Files\Release</Filter>
    </ClCompile>
    <ClCompile Include="GeneratedFiles\Debug\moc_withdrawcashthroughcheque.cpp">
      <Filter>Generated Files\Debug</Filter>
    </ClCompile>
    <ClCompile Include="GeneratedFiles\Release\moc_withdrawcashthroughcheque.cpp">
      <Filter>Generated Files\Release</Filter>
    </ClCompile>
    <ClCompile Include="GeneratedFiles\Debug\moc_withdrawerror.cpp">
      <Filter>Generated Files\Debug</Filter>
    </ClCompile>
    <ClCompile Include="GeneratedFiles\Release\moc_withdrawerror.cpp">
      <Filter>Generated Files\Release</Filter>
    </ClCompile>
    <ClCompile Include="accountsubmenu.cpp">
      <Filter>Source Files</Filter>
    </ClCompile>
    <ClCompile Include="additemtovault.cpp">
      <Filter>Source Files</Filter>
    </ClCompile>
    <ClCompile Include="atmcardapplication.cpp">
      <Filter>Source Files</Filter>
    </ClCompile>
    <ClCompile Include="atmmainmenu.cpp">
      <Filter>Source Files</Filter>
    </ClCompile>
    <ClCompile Include="bankstatement.cpp">
      <Filter>Source Files</Filter>
    </ClCompile>
    <ClCompile Include="billpayment.cpp">
      <Filter>Source Files</Filter>
    </ClCompile>
    <ClCompile Include="changepin.cpp">
      <Filter>Source Files</Filter>
    </ClCompile>
    <ClCompile Include="changepinerror.cpp">
      <Filter>Source Files</Filter>
    </ClCompile>
    <ClCompile Include="checkbalance.cpp">
      <Filter>Source Files</Filter>
    </ClCompile>
    <ClCompile Include="chequbookapplication.cpp">
      <Filter>Source Files</Filter>
    </ClCompile>
    <ClCompile Include="closeaccount.cpp">
      <Filter>Source Files</Filter>
    </ClCompile>
    <ClCompile Include="closevault.cpp">
      <Filter>Source Files</Filter>
    </ClCompile>
    <ClCompile Include="createcurrentaccount.cpp">
      <Filter>Source Files</Filter>
    </ClCompile>
    <ClCompile Include="createsavingsaccount.cpp">
      <Filter>Source Files</Filter>
    </ClCompile>
    <ClCompile Include="createvault.cpp">
      <Filter>Source Files</Filter>
    </ClCompile>
    <ClCompile Include="creditcardapplication.cpp">
      <Filter>Source Files</Filter>
    </ClCompile>
    <ClCompile Include="depositcash.cpp">
      <Filter>Source Files</Filter>
    </ClCompile>
    <ClCompile Include="employeeinformation.cpp">
      <Filter>Source Files</Filter>
    </ClCompile>
    <ClCompile Include="guidesign.cpp">
      <Filter>Source Files</Filter>
    </ClCompile>
    <ClCompile Include="incentive.cpp">
      <Filter>Source Files</Filter>
    </ClCompile>
    <ClCompile Include="inquirebalance.cpp">
      <Filter>Source Files</Filter>
    </ClCompile>
    <ClCompile Include="insertcarderror.cpp">
      <Filter>Source Files</Filter>
    </ClCompile>
    <ClCompile Include="loanapplication.cpp">
      <Filter>Source Files</Filter>
    </ClCompile>
    <ClCompile Include="makedraft.cpp">
      <Filter>Source Files</Filter>
    </ClCompile>
    <ClCompile Include="pendingloans.cpp">
      <Filter>Source Files</Filter>
    </ClCompile>
    <ClCompile Include="retrievevaultitem.cpp">
      <Filter>Source Files</Filter>
    </ClCompile>
    <ClCompile Include="statementreport.cpp">
      <Filter>Source Files</Filter>
    </ClCompile>
    <ClCompile Include="transfermoney.cpp">
      <Filter>Source Files</Filter>
    </ClCompile>
    <ClCompile Include="transfersuccessful.cpp">
      <Filter>Source Files</Filter>
    </ClCompile>
    <ClCompile Include="vaultsubmenu.cpp">
      <Filter>Source Files</Filter>
    </ClCompile>
    <ClCompile Include="viewvaultitems.cpp">
      <Filter>Source Files</Filter>
    </ClCompile>
    <ClCompile Include="welcomeatm.cpp">
      <Filter>Source Files</Filter>
    </ClCompile>
    <ClCompile Include="withdrawbalance.cpp">
      <Filter>Source Files</Filter>
    </ClCompile>
    <ClCompile Include="withdrawcashthroughcheque.cpp">
      <Filter>Source Files</Filter>
    </ClCompile>
    <ClCompile Include="withdrawerror.cpp">
      <Filter>Source Files</Filter>
    </ClCompile>
    <ClCompile Include="Manager.cpp">
      <Filter>Source Files</Filter>
    </ClCompile>
    <ClCompile Include="Teller.cpp">
      <Filter>Source Files</Filter>
    </ClCompile>
    <ClCompile Include="Draft.cpp">
      <Filter>Source Files</Filter>
    </ClCompile>
    <ClCompile Include="Bill.cpp">
      <Filter>Source Files</Filter>
    </ClCompile>
    <ClCompile Include="GeneratedFiles\Debug\moc_vaultdetail.cpp">
      <Filter>Generated Files\Debug</Filter>
    </ClCompile>
    <ClCompile Include="GeneratedFiles\Release\moc_vaultdetail.cpp">
      <Filter>Generated Files\Release</Filter>
    </ClCompile>
    <ClCompile Include="vaultdetail.cpp">
      <Filter>Source Files</Filter>
    </ClCompile>
    <ClCompile Include="enterscreen.cpp">
      <Filter>Source Files</Filter>
    </ClCompile>
    <ClCompile Include="GeneratedFiles\Debug\moc_enterscreen.cpp">
      <Filter>Generated Files\Debug</Filter>
    </ClCompile>
    <ClCompile Include="GeneratedFiles\Release\moc_enterscreen.cpp">
      <Filter>Generated Files\Release</Filter>
    </ClCompile>
    <ClCompile Include="GeneratedFiles\Debug\moc_mainmenu.cpp">
      <Filter>Generated Files\Debug</Filter>
    </ClCompile>
    <ClCompile Include="GeneratedFiles\Release\moc_mainmenu.cpp">
      <Filter>Generated Files\Release</Filter>
    </ClCompile>
    <ClCompile Include="mainmenu.cpp">
      <Filter>Source Files</Filter>
    </ClCompile>
    <ClCompile Include="withdrawbalanceatm.cpp">
      <Filter>Source Files</Filter>
    </ClCompile>
    <ClCompile Include="GeneratedFiles\Debug\moc_withdrawbalanceatm.cpp">
      <Filter>Generated Files\Debug</Filter>
    </ClCompile>
    <ClCompile Include="GeneratedFiles\Release\moc_withdrawbalanceatm.cpp">
      <Filter>Generated Files\Release</Filter>
    </ClCompile>
    <ClCompile Include="GeneratedFiles\Debug\moc_welcome.cpp">
      <Filter>Generated Files\Debug</Filter>
    </ClCompile>
    <ClCompile Include="GeneratedFiles\Release\moc_welcome.cpp">
      <Filter>Generated Files\Release</Filter>
    </ClCompile>
    <ClCompile Include="welcome.cpp">
      <Filter>Source Files</Filter>
    </ClCompile>
    <ClCompile Include="accountdetails.cpp">
      <Filter>Source Files</Filter>
    </ClCompile>
    <ClCompile Include="GeneratedFiles\Debug\moc_accountdetails.cpp">
      <Filter>Generated Files\Debug</Filter>
    </ClCompile>
    <ClCompile Include="GeneratedFiles\Release\moc_accountdetails.cpp">
      <Filter>Generated Files\Release</Filter>
    </ClCompile>
  </ItemGroup>
  <ItemGroup>
    <CustomBuild Include="bankingsystem.h">
      <Filter>Header Files</Filter>
    </CustomBuild>
    <CustomBuild Include="bankingsystem.ui">
      <Filter>Form Files</Filter>
    </CustomBuild>
    <CustomBuild Include="bankingsystem.qrc">
      <Filter>Resource Files</Filter>
    </CustomBuild>
    <CustomBuild Include="login.ui">
      <Filter>Form Files</Filter>
    </CustomBuild>
    <CustomBuild Include="login.h">
      <Filter>Header Files</Filter>
    </CustomBuild>
    <CustomBuild Include="tellermenu.ui">
      <Filter>Form Files</Filter>
    </CustomBuild>
    <CustomBuild Include="tellermenu.h">
      <Filter>Header Files</Filter>
    </CustomBuild>
    <CustomBuild Include="managermenu.h">
      <Filter>Header Files</Filter>
    </CustomBuild>
    <CustomBuild Include="managermenu.ui">
      <Filter>Form Files</Filter>
    </CustomBuild>
    <CustomBuild Include="accountsubmenu.ui">
      <Filter>Form Files</Filter>
    </CustomBuild>
    <CustomBuild Include="additemtovault.ui">
      <Filter>Form Files</Filter>
    </CustomBuild>
    <CustomBuild Include="atmcardapplication.ui">
      <Filter>Form Files</Filter>
    </CustomBuild>
    <CustomBuild Include="atmmainmenu.ui">
      <Filter>Form Files</Filter>
    </CustomBuild>
    <CustomBuild Include="bankstatement.ui">
      <Filter>Form Files</Filter>
    </CustomBuild>
    <CustomBuild Include="billpayment.ui">
      <Filter>Form Files</Filter>
    </CustomBuild>
    <CustomBuild Include="changepin.ui">
      <Filter>Form Files</Filter>
    </CustomBuild>
    <CustomBuild Include="changepinerror.ui">
      <Filter>Form Files</Filter>
    </CustomBuild>
    <CustomBuild Include="checkbalance.ui">
      <Filter>Form Files</Filter>
    </CustomBuild>
    <CustomBuild Include="chequbookapplication.ui">
      <Filter>Form Files</Filter>
    </CustomBuild>
    <CustomBuild Include="closeaccount.ui">
      <Filter>Form Files</Filter>
    </CustomBuild>
    <CustomBuild Include="closevault.ui">
      <Filter>Form Files</Filter>
    </CustomBuild>
    <CustomBuild Include="createcurrentaccount.ui">
      <Filter>Form Files</Filter>
    </CustomBuild>
    <CustomBuild Include="createsavingsaccount.ui">
      <Filter>Form Files</Filter>
    </CustomBuild>
    <CustomBuild Include="createvault.ui">
      <Filter>Form Files</Filter>
    </CustomBuild>
    <CustomBuild Include="creditcardapplication.ui">
      <Filter>Form Files</Filter>
    </CustomBuild>
    <CustomBuild Include="depositcash.ui">
      <Filter>Form Files</Filter>
    </CustomBuild>
    <CustomBuild Include="employeeinformation.ui">
      <Filter>Form Files</Filter>
    </CustomBuild>
    <CustomBuild Include="guidesign.ui">
      <Filter>Form Files</Filter>
    </CustomBuild>
    <CustomBuild Include="incentive.ui">
      <Filter>Form Files</Filter>
    </CustomBuild>
    <CustomBuild Include="inquirebalance.ui">
      <Filter>Form Files</Filter>
    </CustomBuild>
    <CustomBuild Include="insertcarderror.ui">
      <Filter>Form Files</Filter>
    </CustomBuild>
    <CustomBuild Include="loanapplication.ui">
      <Filter>Form Files</Filter>
    </CustomBuild>
    <CustomBuild Include="makedraft.ui">
      <Filter>Form Files</Filter>
    </CustomBuild>
    <CustomBuild Include="pendingloans.ui">
      <Filter>Form Files</Filter>
    </CustomBuild>
    <CustomBuild Include="retrievevaultitem.ui">
      <Filter>Form Files</Filter>
    </CustomBuild>
    <CustomBuild Include="statementreport.ui">
      <Filter>Form Files</Filter>
    </CustomBuild>
    <CustomBuild Include="transfermoney.ui">
      <Filter>Form Files</Filter>
    </CustomBuild>
    <CustomBuild Include="transfersuccessful.ui">
      <Filter>Form Files</Filter>
    </CustomBuild>
    <CustomBuild Include="vaultsubmenu.ui">
      <Filter>Form Files</Filter>
    </CustomBuild>
    <CustomBuild Include="viewvaultitems.ui">
      <Filter>Form Files</Filter>
    </CustomBuild>
    <CustomBuild Include="welcomeatm.ui">
      <Filter>Form Files</Filter>
    </CustomBuild>
    <CustomBuild Include="withdrawbalance.ui">
      <Filter>Form Files</Filter>
    </CustomBuild>
    <CustomBuild Include="withdrawcashthroughcheque.ui">
      <Filter>Form Files</Filter>
    </CustomBuild>
    <CustomBuild Include="withdrawerror.ui">
      <Filter>Form Files</Filter>
    </CustomBuild>
    <CustomBuild Include="accountsubmenu.h">
      <Filter>Header Files</Filter>
    </CustomBuild>
    <CustomBuild Include="additemtovault.h">
      <Filter>Header Files</Filter>
    </CustomBuild>
    <CustomBuild Include="atmcardapplication.h">
      <Filter>Header Files</Filter>
    </CustomBuild>
    <CustomBuild Include="atmmainmenu.h">
      <Filter>Header Files</Filter>
    </CustomBuild>
    <CustomBuild Include="bankstatement.h">
      <Filter>Header Files</Filter>
    </CustomBuild>
    <CustomBuild Include="billpayment.h">
      <Filter>Header Files</Filter>
    </CustomBuild>
    <CustomBuild Include="changepin.h">
      <Filter>Header Files</Filter>
    </CustomBuild>
    <CustomBuild Include="changepinerror.h">
      <Filter>Header Files</Filter>
    </CustomBuild>
    <CustomBuild Include="checkbalance.h">
      <Filter>Header Files</Filter>
    </CustomBuild>
    <CustomBuild Include="chequbookapplication.h">
      <Filter>Header Files</Filter>
    </CustomBuild>
    <CustomBuild Include="closeaccount.h">
      <Filter>Header Files</Filter>
    </CustomBuild>
    <CustomBuild Include="closevault.h">
      <Filter>Header Files</Filter>
    </CustomBuild>
    <CustomBuild Include="createcurrentaccount.h">
      <Filter>Header Files</Filter>
    </CustomBuild>
    <CustomBuild Include="createsavingsaccount.h">
      <Filter>Header Files</Filter>
    </CustomBuild>
    <CustomBuild Include="createvault.h">
      <Filter>Header Files</Filter>
    </CustomBuild>
    <CustomBuild Include="creditcardapplication.h">
      <Filter>Header Files</Filter>
    </CustomBuild>
    <CustomBuild Include="depositcash.h">
      <Filter>Header Files</Filter>
    </CustomBuild>
    <CustomBuild Include="employeeinformation.h">
      <Filter>Header Files</Filter>
    </CustomBuild>
    <CustomBuild Include="guidesign.h">
      <Filter>Header Files</Filter>
    </CustomBuild>
    <CustomBuild Include="incentive.h">
      <Filter>Header Files</Filter>
    </CustomBuild>
    <CustomBuild Include="inquirebalance.h">
      <Filter>Header Files</Filter>
    </CustomBuild>
    <CustomBuild Include="insertcarderror.h">
      <Filter>Header Files</Filter>
    </CustomBuild>
    <CustomBuild Include="loanapplication.h">
      <Filter>Header Files</Filter>
    </CustomBuild>
    <CustomBuild Include="makedraft.h">
      <Filter>Header Files</Filter>
    </CustomBuild>
    <CustomBuild Include="pendingloans.h">
      <Filter>Header Files</Filter>
    </CustomBuild>
    <CustomBuild Include="retrievevaultitem.h">
      <Filter>Header Files</Filter>
    </CustomBuild>
    <CustomBuild Include="statementreport.h">
      <Filter>Header Files</Filter>
    </CustomBuild>
    <CustomBuild Include="transfermoney.h">
      <Filter>Header Files</Filter>
    </CustomBuild>
    <CustomBuild Include="transfersuccessful.h">
      <Filter>Header Files</Filter>
    </CustomBuild>
    <CustomBuild Include="vaultsubmenu.h">
      <Filter>Header Files</Filter>
    </CustomBuild>
    <CustomBuild Include="viewvaultitems.h">
      <Filter>Header Files</Filter>
    </CustomBuild>
    <CustomBuild Include="welcomeatm.h">
      <Filter>Header Files</Filter>
    </CustomBuild>
    <CustomBuild Include="withdrawbalance.h">
      <Filter>Header Files</Filter>
    </CustomBuild>
    <CustomBuild Include="withdrawcashthroughcheque.h">
      <Filter>Header Files</Filter>
    </CustomBuild>
    <CustomBuild Include="withdrawerror.h">
      <Filter>Header Files</Filter>
    </CustomBuild>
    <CustomBuild Include="vaultdetail.h">
      <Filter>Header Files</Filter>
    </CustomBuild>
    <CustomBuild Include="vaultdetail.ui">
      <Filter>Form Files</Filter>
    </CustomBuild>
    <CustomBuild Include="enterscreen.h">
      <Filter>Header Files</Filter>
    </CustomBuild>
    <CustomBuild Include="enterscreen.ui">
      <Filter>Form Files</Filter>
    </CustomBuild>
    <CustomBuild Include="mainmenu.ui">
      <Filter>Form Files</Filter>
    </CustomBuild>
    <CustomBuild Include="mainmenu.h">
      <Filter>Header Files</Filter>
    </CustomBuild>
    <CustomBuild Include="withdrawbalanceatm.ui">
      <Filter>Form Files</Filter>
    </CustomBuild>
    <CustomBuild Include="withdrawbalanceatm.h">
      <Filter>Header Files</Filter>
    </CustomBuild>
    <CustomBuild Include="welcome.ui">
      <Filter>Form Files</Filter>
    </CustomBuild>
    <CustomBuild Include="welcome.h">
      <Filter>Header Files</Filter>
    </CustomBuild>
    <CustomBuild Include="accountdetails.h">
      <Filter>Header Files</Filter>
    </CustomBuild>
    <CustomBuild Include="accountdetails.ui">
      <Filter>Form Files</Filter>
    </CustomBuild>
  </ItemGroup>
  <ItemGroup>
    <ClInclude Include="GeneratedFiles\ui_bankingsystem.h">
      <Filter>Generated Files</Filter>
    </ClInclude>
    <ClInclude Include="GeneratedFiles\ui_login.h">
      <Filter>Generated Files</Filter>
    </ClInclude>
    <ClInclude Include="Account.h">
      <Filter>Header Files</Filter>
    </ClInclude>
    <ClInclude Include="Bank.h">
      <Filter>Header Files</Filter>
    </ClInclude>
    <ClInclude Include="Branch.h">
      <Filter>Header Files</Filter>
    </ClInclude>
    <ClInclude Include="CurrentAccount.h">
      <Filter>Header Files</Filter>
    </ClInclude>
    <ClInclude Include="SavingAccount.h">
      <Filter>Header Files</Filter>
    </ClInclude>
    <ClInclude Include="Cheque.h">
      <Filter>Header Files</Filter>
    </ClInclude>
    <ClInclude Include="ChequeBook.h">
      <Filter>Header Files</Filter>
    </ClInclude>
    <ClInclude Include="Person.h">
      <Filter>Header Files</Filter>
    </ClInclude>
    <ClInclude Include="Employee.h">
      <Filter>Header Files</Filter>
    </ClInclude>
    <ClInclude Include="Manager.h">
      <Filter>Header Files</Filter>
    </ClInclude>
    <ClInclude Include="Teller.h">
      <Filter>Header Files</Filter>
    </ClInclude>
    <ClInclude Include="BankLoan.h">
      <Filter>Header Files</Filter>
    </ClInclude>
    <ClInclude Include="Card.h">
      <Filter>Header Files</Filter>
    </ClInclude>
    <ClInclude Include="Item.h">
      <Filter>Header Files</Filter>
    </ClInclude>
    <ClInclude Include="Vault.h">
      <Filter>Header Files</Filter>
    </ClInclude>
    <ClInclude Include="AtmCard.h">
      <Filter>Header Files</Filter>
    </ClInclude>
    <ClInclude Include="DataAccessLayer.h">
      <Filter>Header Files</Filter>
    </ClInclude>
    <ClInclude Include="LoginData.h">
      <Filter>Header Files</Filter>
    </ClInclude>
    <ClInclude Include="GeneratedFiles\ui_tellermenu.h">
      <Filter>Generated Files</Filter>
    </ClInclude>
    <ClInclude Include="GeneratedFiles\ui_managermenu.h">
      <Filter>Generated Files</Filter>
    </ClInclude>
    <ClInclude Include="GeneratedFiles\ui_accountsubmenu.h">
      <Filter>Generated Files</Filter>
    </ClInclude>
    <ClInclude Include="GeneratedFiles\ui_additemtovault.h">
      <Filter>Generated Files</Filter>
    </ClInclude>
    <ClInclude Include="GeneratedFiles\ui_atmcardapplication.h">
      <Filter>Generated Files</Filter>
    </ClInclude>
    <ClInclude Include="GeneratedFiles\ui_atmmainmenu.h">
      <Filter>Generated Files</Filter>
    </ClInclude>
    <ClInclude Include="GeneratedFiles\ui_bankstatement.h">
      <Filter>Generated Files</Filter>
    </ClInclude>
    <ClInclude Include="GeneratedFiles\ui_billpayment.h">
      <Filter>Generated Files</Filter>
    </ClInclude>
    <ClInclude Include="GeneratedFiles\ui_changepin.h">
      <Filter>Generated Files</Filter>
    </ClInclude>
    <ClInclude Include="GeneratedFiles\ui_changepinerror.h">
      <Filter>Generated Files</Filter>
    </ClInclude>
    <ClInclude Include="GeneratedFiles\ui_checkbalance.h">
      <Filter>Generated Files</Filter>
    </ClInclude>
    <ClInclude Include="GeneratedFiles\ui_chequbookapplication.h">
      <Filter>Generated Files</Filter>
    </ClInclude>
    <ClInclude Include="GeneratedFiles\ui_closeaccount.h">
      <Filter>Generated Files</Filter>
    </ClInclude>
    <ClInclude Include="GeneratedFiles\ui_closevault.h">
      <Filter>Generated Files</Filter>
    </ClInclude>
    <ClInclude Include="GeneratedFiles\ui_createcurrentaccount.h">
      <Filter>Generated Files</Filter>
    </ClInclude>
    <ClInclude Include="GeneratedFiles\ui_createsavingsaccount.h">
      <Filter>Generated Files</Filter>
    </ClInclude>
    <ClInclude Include="GeneratedFiles\ui_createvault.h">
      <Filter>Generated Files</Filter>
    </ClInclude>
    <ClInclude Include="GeneratedFiles\ui_creditcardapplication.h">
      <Filter>Generated Files</Filter>
    </ClInclude>
    <ClInclude Include="GeneratedFiles\ui_depositcash.h">
      <Filter>Generated Files</Filter>
    </ClInclude>
    <ClInclude Include="GeneratedFiles\ui_employeeinformation.h">
      <Filter>Generated Files</Filter>
    </ClInclude>
    <ClInclude Include="GeneratedFiles\ui_guidesign.h">
      <Filter>Generated Files</Filter>
    </ClInclude>
    <ClInclude Include="GeneratedFiles\ui_incentive.h">
      <Filter>Generated Files</Filter>
    </ClInclude>
    <ClInclude Include="GeneratedFiles\ui_inquirebalance.h">
      <Filter>Generated Files</Filter>
    </ClInclude>
    <ClInclude Include="GeneratedFiles\ui_insertcarderror.h">
      <Filter>Generated Files</Filter>
    </ClInclude>
    <ClInclude Include="GeneratedFiles\ui_loanapplication.h">
      <Filter>Generated Files</Filter>
    </ClInclude>
    <ClInclude Include="GeneratedFiles\ui_makedraft.h">
      <Filter>Generated Files</Filter>
    </ClInclude>
    <ClInclude Include="GeneratedFiles\ui_pendingloans.h">
      <Filter>Generated Files</Filter>
    </ClInclude>
    <ClInclude Include="GeneratedFiles\ui_retrievevaultitem.h">
      <Filter>Generated Files</Filter>
    </ClInclude>
    <ClInclude Include="GeneratedFiles\ui_statementreport.h">
      <Filter>Generated Files</Filter>
    </ClInclude>
    <ClInclude Include="GeneratedFiles\ui_transfermoney.h">
      <Filter>Generated Files</Filter>
    </ClInclude>
    <ClInclude Include="GeneratedFiles\ui_transfersuccessful.h">
      <Filter>Generated Files</Filter>
    </ClInclude>
    <ClInclude Include="GeneratedFiles\ui_vaultsubmenu.h">
      <Filter>Generated Files</Filter>
    </ClInclude>
    <ClInclude Include="GeneratedFiles\ui_viewvaultitems.h">
      <Filter>Generated Files</Filter>
    </ClInclude>
    <ClInclude Include="GeneratedFiles\ui_welcomeatm.h">
      <Filter>Generated Files</Filter>
    </ClInclude>
    <ClInclude Include="GeneratedFiles\ui_withdrawbalance.h">
      <Filter>Generated Files</Filter>
    </ClInclude>
    <ClInclude Include="GeneratedFiles\ui_withdrawcashthroughcheque.h">
      <Filter>Generated Files</Filter>
    </ClInclude>
    <ClInclude Include="GeneratedFiles\ui_withdrawerror.h">
      <Filter>Generated Files</Filter>
    </ClInclude>
    <ClInclude Include="Draft.h">
      <Filter>Header Files</Filter>
    </ClInclude>
    <ClInclude Include="Bill.h">
      <Filter>Header Files</Filter>
    </ClInclude>
    <ClInclude Include="GeneratedFiles\ui_vaultdetail.h">
      <Filter>Generated Files</Filter>
    </ClInclude>
    <ClInclude Include="GeneratedFiles\ui_enterscreen.h">
      <Filter>Generated Files</Filter>
    </ClInclude>
    <ClInclude Include="GeneratedFiles\ui_mainmenu.h">
      <Filter>Generated Files</Filter>
    </ClInclude>
    <ClInclude Include="GeneratedFiles\ui_withdrawbalanceatm.h">
      <Filter>Generated Files</Filter>
    </ClInclude>
    <ClInclude Include="GeneratedFiles\ui_welcome.h">
      <Filter>Generated Files</Filter>
    </ClInclude>
    <ClInclude Include="GeneratedFiles\ui_accountdetails.h">
      <Filter>Generated Files</Filter>
    </ClInclude>
  </ItemGroup>
</Project>